<?xml version="1.0" encoding="utf-8"?>
<Project ToolsVersion="4.0" xmlns="http://schemas.microsoft.com/developer/msbuild/2003">
  <ItemGroup>
    <Filter Include="Source Files">
      <UniqueIdentifier>{4FC737F1-C7A5-4376-A066-2A32D752A2FF}</UniqueIdentifier>
      <Extensions>cpp;c;cc;cxx;c++;cppm;ixx;def;odl;idl;hpj;bat;asm;asmx</Extensions>
    </Filter>
    <Filter Include="Header Files">
      <UniqueIdentifier>{93995380-89BD-4b04-88EB-625FBE52EBFB}</UniqueIdentifier>
      <Extensions>h;hh;hpp;hxx;h++;hm;inl;inc;ipp;xsd</Extensions>
    </Filter>
    <Filter Include="Resource Files">
      <UniqueIdentifier>{67DA6AB6-F800-4c08-8B7A-83BB121AAD01}</UniqueIdentifier>
      <Extensions>rc;ico;cur;bmp;dlg;rc2;rct;bin;rgs;gif;jpg;jpeg;jpe;resx;tiff;tif;png;wav;mfcribbon-ms</Extensions>
    </Filter>
    <Filter Include="assets">
      <UniqueIdentifier>{dba2c076-ec23-450c-af71-24face4beb65}</UniqueIdentifier>
    </Filter>
  </ItemGroup>
  <ItemGroup>
    <ClInclude Include="TestWindow.h">
      <Filter>Header Files</Filter>
    </ClInclude>
    <ClInclude Include="TestWindowDlg.h">
      <Filter>Header Files</Filter>
    </ClInclude>
    <ClInclude Include="framework.h">
      <Filter>Header Files</Filter>
    </ClInclude>
    <ClInclude Include="targetver.h">
      <Filter>Header Files</Filter>
    </ClInclude>
    <ClInclude Include="Resource.h">
      <Filter>Header Files</Filter>
    </ClInclude>
    <ClInclude Include="pch.h">
      <Filter>Header Files</Filter>
    </ClInclude>
  </ItemGroup>
  <ItemGroup>
    <ClCompile Include="TestWindow.cpp">
      <Filter>Source Files</Filter>
    </ClCompile>
    <ClCompile Include="TestWindowDlg.cpp">
      <Filter>Source Files</Filter>
    </ClCompile>
    <ClCompile Include="pch.cpp">
      <Filter>Source Files</Filter>
    </ClCompile>
  </ItemGroup>
  <ItemGroup>
    <ResourceCompile Include="TestWindow.rc">
      <Filter>Resource Files</Filter>
    </ResourceCompile>
  </ItemGroup>
  <ItemGroup>
    <None Include="res\TestWindow.rc2">
      <Filter>Resource Files</Filter>
    </None>
  </ItemGroup>
  <ItemGroup>
    <Image Include="res\TestWindow.ico">
      <Filter>Resource Files</Filter>
    </Image>
  </ItemGroup>
  <ItemGroup>
    <CopyFileToFolders Include="assets\d2d_stress_test_01_paths.svg">
      <Filter>assets</Filter>
    </CopyFileToFolders>
    <CopyFileToFolders Include="assets\d2d_stress_test_01_paths_supported.svg">
      <Filter>assets</Filter>
    </CopyFileToFolders>
    <CopyFileToFolders Include="assets\d2d_stress_test_02_strokes_transforms.svg">
      <Filter>assets</Filter>
    </CopyFileToFolders>
    <CopyFileToFolders Include="assets\d2d_stress_test_03_clip.svg">
      <Filter>assets</Filter>
    </CopyFileToFolders>
    <CopyFileToFolders Include="assets\d2d_stress_test_03_clip_mask.svg">
      <Filter>assets</Filter>
    </CopyFileToFolders>
    <CopyFileToFolders Include="assets\d2d_transform_test_groups.svg">
      <Filter>assets</Filter>
    </CopyFileToFolders>
    <CopyFileToFolders Include="assets\humanBodyFront.svg">
      <Filter>assets</Filter>
    </CopyFileToFolders>
    <CopyFileToFolders Include="assets\humanBodyFrontTEST.svg">
      <Filter>assets</Filter>
    </CopyFileToFolders>
  </ItemGroup>
</Project>