<?xml version="1.0" encoding="utf-8"?>
<Project ToolsVersion="4.0" xmlns="http://schemas.microsoft.com/developer/msbuild/2003">
  <ItemGroup>
    <ClCompile Include="DebugLogger.cpp">
      <Filter>Source Files</Filter>
    </ClCompile>
    <ClCompile Include="Devices.cpp">
      <Filter>Source Files</Filter>
    </ClCompile>
    <ClCompile Include="pch.cpp">
      <Filter>Source Files</Filter>
    </ClCompile>
    <ClCompile Include="Renderer.cpp">
      <Filter>Source Files</Filter>
    </ClCompile>
    <ClCompile Include="SvgCache.cpp">
      <Filter>Source Files</Filter>
    </ClCompile>
    <ClCompile Include="Window.cpp">
      <Filter>Source Files</Filter>
    </ClCompile>
  </ItemGroup>
  <ItemGroup>
    <ClInclude Include="DebugLogger.h">
      <Filter>Header Files</Filter>
    </ClInclude>
    <ClInclude Include="Devices.h">
      <Filter>Header Files</Filter>
    </ClInclude>
    <ClInclude Include="DxDebugName.h">
      <Filter>Header Files</Filter>
    </ClInclude>
    <ClInclude Include="framework.h">
      <Filter>Header Files</Filter>
    </ClInclude>
    <ClInclude Include="IDeviceNotify.h">
      <Filter>Header Files</Filter>
    </ClInclude>
    <ClInclude Include="IHitTestListener.h">
      <Filter>Header Files</Filter>
    </ClInclude>
    <ClInclude Include="Renderer.h">
      <Filter>Header Files</Filter>
    </ClInclude>
    <ClInclude Include="Window.h">
      <Filter>Header Files</Filter>
    </ClInclude>
    <ClInclude Include="pch.h">
      <Filter>Header Files</Filter>
    </ClInclude>
    <ClInclude Include="SvgCache.h">
      <Filter>Header Files</Filter>
    </ClInclude>
  </ItemGroup>
  <ItemGroup>
    <None Include="d2d_stress_test_01_paths.svg">
      <Filter>Assets</Filter>
    </None>
    <None Include="d2d_stress_test_01_paths_supported.svg">
      <Filter>Assets</Filter>
    </None>
    <None Include="d2d_stress_test_02_strokes_transforms.svg">
      <Filter>Assets</Filter>
    </None>
    <None Include="d2d_stress_test_03_clip.svg">
      <Filter>Assets</Filter>
    </None>
    <None Include="d2d_stress_test_03_clip_mask.svg">
      <Filter>Assets</Filter>
    </None>
    <None Include="d2d_transform_test_groups.svg">
      <Filter>Assets</Filter>
    </None>
    <None Include="Ghostscript_Tiger.svg">
      <Filter>Assets</Filter>
    </None>
    <None Include="humanBodyFront.svg">
      <Filter>Assets</Filter>
    </None>
    <None Include="humanBodyFrontTEST.svg">
      <Filter>Assets</Filter>
    </None>
    <None Include="testSVGElements.svg">
      <Filter>Assets</Filter>
    </None>
  </ItemGroup>
  <ItemGroup>
    <Filter Include="Header Files">
      <UniqueIdentifier>{64bfcab4-8af5-4f09-b07b-1c705f94919f}</UniqueIdentifier>
    </Filter>
    <Filter Include="Source Files">
      <UniqueIdentifier>{84322ad0-cdd3-4b6f-905a-5fd9713dca44}</UniqueIdentifier>
    </Filter>
    <Filter Include="Assets">
      <UniqueIdentifier>{4a4b8d2c-e0f1-4c38-8540-20d935262023}</UniqueIdentifier>
    </Filter>
  </ItemGroup>
  <ItemGroup>
    <Image Include="humanBodyFront.png">
      <Filter>Assets</Filter>
    </Image>
  </ItemGroup>
</Project>